
Microsoft Visual Studio Solution File, Format Version 12.00
# Visual Studio Version 16
VisualStudioVersion = 16.0.32106.194
MinimumVisualStudioVersion = 10.0.40219.1
Project("{9A19103F-16F7-4668-BE54-9A1E7A4F7556}") = "HomeWork1", "HomeWork1\HomeWork1.csproj", "{C0E434F2-37CF-41B3-BF26-6EB4EFF6D2A0}"
EndProject
Project("{9A19103F-16F7-4668-BE54-9A1E7A4F7556}") = "HomeWork2", "HomeWork2\HomeWork2.csproj", "{788B46F8-698F-4F66-9931-968C654006F5}"
EndProject
Project("{9A19103F-16F7-4668-BE54-9A1E7A4F7556}") = "Work3", "Work3\Work3.csproj", "{937095DA-2AD1-4D06-822F-5E0759E7689F}"
EndProject
Project("{9A19103F-16F7-4668-BE54-9A1E7A4F7556}") = "Work4", "Work4\Work4.csproj", "{42D2F3CE-727E-4B71-887C-39741783B03F}"
EndProject
Project("{9A19103F-16F7-4668-BE54-9A1E7A4F7556}") = "Work5", "Work5\Work5.csproj", "{4E9CAD2A-24F9-497F-8B65-48F7B16F763F}"
EndProject
Project("{9A19103F-16F7-4668-BE54-9A1E7A4F7556}") = "Work6", "Work6\Work6.csproj", "{C7CB3A9B-4396-40A2-A14C-10981ED31096}"
EndProject
Project("{9A19103F-16F7-4668-BE54-9A1E7A4F7556}") = "Work7", "Work7\Work7.csproj", "{62E2937F-6F29-487B-A1AA-ECF5C7A0AB2B}"
EndProject
Project("{9A19103F-16F7-4668-BE54-9A1E7A4F7556}") = "work_2.1", "work_2.1\work_2.1.csproj", "{C9740D39-9362-4E03-B921-7314D6560994}"
EndProject
Project("{9A19103F-16F7-4668-BE54-9A1E7A4F7556}") = "work_2.2", "work_2.2\work_2.2.csproj", "{6648C20A-74F4-415B-9654-08A97F9068FA}"
EndProject
Project("{9A19103F-16F7-4668-BE54-9A1E7A4F7556}") = "work_2.3", "work_2.3\work_2.3.csproj", "{24A13BC0-82B9-4BDE-B070-65576564E21E}"
EndProject
Project("{FAE04EC0-301F-11D3-BF4B-00C04F79EFBC}") = "work_2.4", "work_2.4\work_2.4.csproj", "{63251D4E-7EC6-46F0-B593-BB751250696F}"
EndProject
Project("{FAE04EC0-301F-11D3-BF4B-00C04F79EFBC}") = "work_2.5", "work_2.5\work_2.5.csproj", "{FF1D5EC0-FADC-41A0-B876-0EA947B45944}"
EndProject
Project("{FAE04EC0-301F-11D3-BF4B-00C04F79EFBC}") = "work_2.6", "work_2.6\work_2.6.csproj", "{F5C09F2D-4366-461E-9574-F011F982C753}"
EndProject
Global
	GlobalSection(SolutionConfigurationPlatforms) = preSolution
		Debug|Any CPU = Debug|Any CPU
		Release|Any CPU = Release|Any CPU
	EndGlobalSection
	GlobalSection(ProjectConfigurationPlatforms) = postSolution
		{C0E434F2-37CF-41B3-BF26-6EB4EFF6D2A0}.Debug|Any CPU.ActiveCfg = Debug|Any CPU
		{C0E434F2-37CF-41B3-BF26-6EB4EFF6D2A0}.Debug|Any CPU.Build.0 = Debug|Any CPU
		{C0E434F2-37CF-41B3-BF26-6EB4EFF6D2A0}.Release|Any CPU.ActiveCfg = Release|Any CPU
		{C0E434F2-37CF-41B3-BF26-6EB4EFF6D2A0}.Release|Any CPU.Build.0 = Release|Any CPU
		{788B46F8-698F-4F66-9931-968C654006F5}.Debug|Any CPU.ActiveCfg = Debug|Any CPU
		{788B46F8-698F-4F66-9931-968C654006F5}.Debug|Any CPU.Build.0 = Debug|Any CPU
		{788B46F8-698F-4F66-9931-968C654006F5}.Release|Any CPU.ActiveCfg = Release|Any CPU
		{788B46F8-698F-4F66-9931-968C654006F5}.Release|Any CPU.Build.0 = Release|Any CPU
		{937095DA-2AD1-4D06-822F-5E0759E7689F}.Debug|Any CPU.ActiveCfg = Debug|Any CPU
		{937095DA-2AD1-4D06-822F-5E0759E7689F}.Debug|Any CPU.Build.0 = Debug|Any CPU
		{937095DA-2AD1-4D06-822F-5E0759E7689F}.Release|Any CPU.ActiveCfg = Release|Any CPU
		{937095DA-2AD1-4D06-822F-5E0759E7689F}.Release|Any CPU.Build.0 = Release|Any CPU
		{42D2F3CE-727E-4B71-887C-39741783B03F}.Debug|Any CPU.ActiveCfg = Debug|Any CPU
		{42D2F3CE-727E-4B71-887C-39741783B03F}.Debug|Any CPU.Build.0 = Debug|Any CPU
		{42D2F3CE-727E-4B71-887C-39741783B03F}.Release|Any CPU.ActiveCfg = Release|Any CPU
		{42D2F3CE-727E-4B71-887C-39741783B03F}.Release|Any CPU.Build.0 = Release|Any CPU
		{4E9CAD2A-24F9-497F-8B65-48F7B16F763F}.Debug|Any CPU.ActiveCfg = Debug|Any CPU
		{4E9CAD2A-24F9-497F-8B65-48F7B16F763F}.Debug|Any CPU.Build.0 = Debug|Any CPU
		{4E9CAD2A-24F9-497F-8B65-48F7B16F763F}.Release|Any CPU.ActiveCfg = Release|Any CPU
		{4E9CAD2A-24F9-497F-8B65-48F7B16F763F}.Release|Any CPU.Build.0 = Release|Any CPU
		{C7CB3A9B-4396-40A2-A14C-10981ED31096}.Debug|Any CPU.ActiveCfg = Debug|Any CPU
		{C7CB3A9B-4396-40A2-A14C-10981ED31096}.Debug|Any CPU.Build.0 = Debug|Any CPU
		{C7CB3A9B-4396-40A2-A14C-10981ED31096}.Release|Any CPU.ActiveCfg = Release|Any CPU
		{C7CB3A9B-4396-40A2-A14C-10981ED31096}.Release|Any CPU.Build.0 = Release|Any CPU
		{62E2937F-6F29-487B-A1AA-ECF5C7A0AB2B}.Debug|Any CPU.ActiveCfg = Debug|Any CPU
		{62E2937F-6F29-487B-A1AA-ECF5C7A0AB2B}.Debug|Any CPU.Build.0 = Debug|Any CPU
		{62E2937F-6F29-487B-A1AA-ECF5C7A0AB2B}.Release|Any CPU.ActiveCfg = Release|Any CPU
		{62E2937F-6F29-487B-A1AA-ECF5C7A0AB2B}.Release|Any CPU.Build.0 = Release|Any CPU
		{C9740D39-9362-4E03-B921-7314D6560994}.Debug|Any CPU.ActiveCfg = Debug|Any CPU
		{C9740D39-9362-4E03-B921-7314D6560994}.Debug|Any CPU.Build.0 = Debug|Any CPU
		{C9740D39-9362-4E03-B921-7314D6560994}.Release|Any CPU.ActiveCfg = Release|Any CPU
		{C9740D39-9362-4E03-B921-7314D6560994}.Release|Any CPU.Build.0 = Release|Any CPU
		{6648C20A-74F4-415B-9654-08A97F9068FA}.Debug|Any CPU.ActiveCfg = Debug|Any CPU
		{6648C20A-74F4-415B-9654-08A97F9068FA}.Debug|Any CPU.Build.0 = Debug|Any CPU
		{6648C20A-74F4-415B-9654-08A97F9068FA}.Release|Any CPU.ActiveCfg = Release|Any CPU
		{6648C20A-74F4-415B-9654-08A97F9068FA}.Release|Any CPU.Build.0 = Release|Any CPU
		{24A13BC0-82B9-4BDE-B070-65576564E21E}.Debug|Any CPU.ActiveCfg = Debug|Any CPU
		{24A13BC0-82B9-4BDE-B070-65576564E21E}.Debug|Any CPU.Build.0 = Debug|Any CPU
		{24A13BC0-82B9-4BDE-B070-65576564E21E}.Release|Any CPU.ActiveCfg = Release|Any CPU
		{24A13BC0-82B9-4BDE-B070-65576564E21E}.Release|Any CPU.Build.0 = Release|Any CPU
		{63251D4E-7EC6-46F0-B593-BB751250696F}.Debug|Any CPU.ActiveCfg = Debug|Any CPU
		{63251D4E-7EC6-46F0-B593-BB751250696F}.Debug|Any CPU.Build.0 = Debug|Any CPU
		{63251D4E-7EC6-46F0-B593-BB751250696F}.Release|Any CPU.ActiveCfg = Release|Any CPU
		{63251D4E-7EC6-46F0-B593-BB751250696F}.Release|Any CPU.Build.0 = Release|Any CPU
		{FF1D5EC0-FADC-41A0-B876-0EA947B45944}.Debug|Any CPU.ActiveCfg = Debug|Any CPU
		{FF1D5EC0-FADC-41A0-B876-0EA947B45944}.Debug|Any CPU.Build.0 = Debug|Any CPU
		{FF1D5EC0-FADC-41A0-B876-0EA947B45944}.Release|Any CPU.ActiveCfg = Release|Any CPU
		{FF1D5EC0-FADC-41A0-B876-0EA947B45944}.Release|Any CPU.Build.0 = Release|Any CPU
		{F5C09F2D-4366-461E-9574-F011F982C753}.Debug|Any CPU.ActiveCfg = Debug|Any CPU
		{F5C09F2D-4366-461E-9574-F011F982C753}.Debug|Any CPU.Build.0 = Debug|Any CPU
		{F5C09F2D-4366-461E-9574-F011F982C753}.Release|Any CPU.ActiveCfg = Release|Any CPU
		{F5C09F2D-4366-461E-9574-F011F982C753}.Release|Any CPU.Build.0 = Release|Any CPU
	EndGlobalSection
	GlobalSection(SolutionProperties) = preSolution
		HideSolutionNode = FALSE
	EndGlobalSection
	GlobalSection(ExtensibilityGlobals) = postSolution
		SolutionGuid = {63DD1500-0A59-4819-8EE1-045E1A9B1B90}
	EndGlobalSection
EndGlobal
